
Microsoft Visual Studio Solution File, Format Version 12.00
# Visual Studio 2015
Project("{FAE04EC0-301F-11D3-BF4B-00C04F79EFBC}") = "KIG_3", "KIG_3.csproj", "{23F48B14-A00E-93FC-0B32-899EDB3C68F3}"
EndProject
Global
	GlobalSection(SolutionConfigurationPlatforms) = preSolution
		Debug|Any CPU = Debug|Any CPU
		Release|Any CPU = Release|Any CPU
	EndGlobalSection
	GlobalSection(ProjectConfigurationPlatforms) = postSolution
		{23F48B14-A00E-93FC-0B32-899EDB3C68F3}.Debug|Any CPU.ActiveCfg = Debug|Any CPU
		{23F48B14-A00E-93FC-0B32-899EDB3C68F3}.Debug|Any CPU.Build.0 = Debug|Any CPU
		{23F48B14-A00E-93FC-0B32-899EDB3C68F3}.Release|Any CPU.ActiveCfg = Release|Any CPU
		{23F48B14-A00E-93FC-0B32-899EDB3C68F3}.Release|Any CPU.Build.0 = Release|Any CPU
	EndGlobalSection
	GlobalSection(SolutionProperties) = preSolution
		HideSolutionNode = FALSE
	EndGlobalSection
EndGlobal
